<?xml version="1.0" encoding="utf-8"?>
<Project ToolsVersion="4.0" xmlns="http://schemas.microsoft.com/developer/msbuild/2003">
  <ItemGroup>
    <Filter Include="Quelldateien">
      <UniqueIdentifier>{4FC737F1-C7A5-4376-A066-2A32D752A2FF}</UniqueIdentifier>
      <Extensions>cpp;c;cc;cxx;def;odl;idl;hpj;bat;asm;asmx</Extensions>
    </Filter>
    <Filter Include="Headerdateien">
      <UniqueIdentifier>{93995380-89BD-4b04-88EB-625FBE52EBFB}</UniqueIdentifier>
      <Extensions>h;hpp;hxx;hm;inl;inc;xsd</Extensions>
    </Filter>
    <Filter Include="Ressourcendateien">
      <UniqueIdentifier>{67DA6AB6-F800-4c08-8B7A-83BB121AAD01}</UniqueIdentifier>
      <Extensions>rc;ico;cur;bmp;dlg;rc2;rct;bin;rgs;gif;jpg;jpeg;jpe;resx;tiff;tif;png;wav;mfcribbon-ms</Extensions>
    </Filter>
    <Filter Include="_core">
      <UniqueIdentifier>{c4ce2328-e08d-413b-9c19-93f4c3453d1b}</UniqueIdentifier>
    </Filter>
    <Filter Include="_libraries">
      <UniqueIdentifier>{0f8682f8-b39a-410e-a520-863fc1e8ca54}</UniqueIdentifier>
    </Filter>
    <Filter Include="_libraries\i2c_t3">
      <UniqueIdentifier>{e6955bce-5b24-4978-8ece-b4f70bbe63fa}</UniqueIdentifier>
    </Filter>
    <Filter Include="_libraries\SD">
      <UniqueIdentifier>{e855ba78-1a76-4ffc-a56d-4ef0413e9998}</UniqueIdentifier>
    </Filter>
  </ItemGroup>
  <ItemGroup>
    <None Include="Drucksensortest_SDVS.ino" />
  </ItemGroup>
  <ItemGroup>
    <ClInclude Include="Visual Micro\.Drucksensortest_SDVS.vsarduino.h">
      <Filter>Headerdateien</Filter>
    </ClInclude>
    <ClInclude Include="resource.h">
      <Filter>Headerdateien</Filter>
    </ClInclude>
    <ClInclude Include="C:\Program Files (x86)\Arduino\hardware\teensy\cores\teensy3\Arduino.h">
      <Filter>_core</Filter>
    </ClInclude>
    <ClInclude Include="C:\Program Files (x86)\Arduino\hardware\teensy\cores\teensy3\arm_common_tables.h">
      <Filter>_core</Filter>
    </ClInclude>
    <ClInclude Include="C:\Program Files (x86)\Arduino\hardware\teensy\cores\teensy3\arm_math.h">
      <Filter>_core</Filter>
    </ClInclude>
    <ClInclude Include="C:\Program Files (x86)\Arduino\hardware\teensy\cores\teensy3\AudioStream.h">
      <Filter>_core</Filter>
    </ClInclude>
    <ClInclude Include="C:\Program Files (x86)\Arduino\hardware\teensy\cores\teensy3\avr_emulation.h">
      <Filter>_core</Filter>
    </ClInclude>
    <ClInclude Include="C:\Program Files (x86)\Arduino\hardware\teensy\cores\teensy3\avr_functions.h">
      <Filter>_core</Filter>
    </ClInclude>
    <ClInclude Include="C:\Program Files (x86)\Arduino\hardware\teensy\cores\teensy3\binary.h">
      <Filter>_core</Filter>
    </ClInclude>
    <ClInclude Include="C:\Program Files (x86)\Arduino\hardware\teensy\cores\teensy3\Client.h">
      <Filter>_core</Filter>
    </ClInclude>
    <ClInclude Include="C:\Program Files (x86)\Arduino\hardware\teensy\cores\teensy3\core_cm4.h">
      <Filter>_core</Filter>
    </ClInclude>
    <ClInclude Include="C:\Program Files (x86)\Arduino\hardware\teensy\cores\teensy3\core_cm4_simd.h">
      <Filter>_core</Filter>
    </ClInclude>
    <ClInclude Include="C:\Program Files (x86)\Arduino\hardware\teensy\cores\teensy3\core_cmInstr.h">
      <Filter>_core</Filter>
    </ClInclude>
    <ClInclude Include="C:\Program Files (x86)\Arduino\hardware\teensy\cores\teensy3\core_id.h">
      <Filter>_core</Filter>
    </ClInclude>
    <ClInclude Include="C:\Program Files (x86)\Arduino\hardware\teensy\cores\teensy3\core_pins.h">
      <Filter>_core</Filter>
    </ClInclude>
    <ClInclude Include="C:\Program Files (x86)\Arduino\hardware\teensy\cores\teensy3\elapsedMillis.h">
      <Filter>_core</Filter>
    </ClInclude>
    <ClInclude Include="C:\Program Files (x86)\Arduino\hardware\teensy\cores\teensy3\HardwareSerial.h">
      <Filter>_core</Filter>
    </ClInclude>
    <ClInclude Include="C:\Program Files (x86)\Arduino\hardware\teensy\cores\teensy3\IntervalTimer.h">
      <Filter>_core</Filter>
    </ClInclude>
    <ClInclude Include="C:\Program Files (x86)\Arduino\hardware\teensy\cores\teensy3\IPAddress.h">
      <Filter>_core</Filter>
    </ClInclude>
    <ClInclude Include="C:\Program Files (x86)\Arduino\hardware\teensy\cores\teensy3\keylayouts.h">
      <Filter>_core</Filter>
    </ClInclude>
    <ClInclude Include="C:\Program Files (x86)\Arduino\hardware\teensy\cores\teensy3\math_helper.h">
      <Filter>_core</Filter>
    </ClInclude>
    <ClInclude Include="C:\Program Files (x86)\Arduino\hardware\teensy\cores\teensy3\mk20dx128.h">
      <Filter>_core</Filter>
    </ClInclude>
    <ClInclude Include="C:\Program Files (x86)\Arduino\hardware\teensy\cores\teensy3\new.h">
      <Filter>_core</Filter>
    </ClInclude>
    <ClInclude Include="C:\Program Files (x86)\Arduino\hardware\teensy\cores\teensy3\pins_arduino.h">
      <Filter>_core</Filter>
    </ClInclude>
    <ClInclude Include="C:\Program Files (x86)\Arduino\hardware\teensy\cores\teensy3\Print.h">
      <Filter>_core</Filter>
    </ClInclude>
    <ClInclude Include="C:\Program Files (x86)\Arduino\hardware\teensy\cores\teensy3\Printable.h">
      <Filter>_core</Filter>
    </ClInclude>
    <ClInclude Include="C:\Program Files (x86)\Arduino\hardware\teensy\cores\teensy3\Server.h">
      <Filter>_core</Filter>
    </ClInclude>
    <ClInclude Include="C:\Program Files (x86)\Arduino\hardware\teensy\cores\teensy3\SPIFIFO.h">
      <Filter>_core</Filter>
    </ClInclude>
    <ClInclude Include="C:\Program Files (x86)\Arduino\hardware\teensy\cores\teensy3\Stream.h">
      <Filter>_core</Filter>
    </ClInclude>
    <ClInclude Include="C:\Program Files (x86)\Arduino\hardware\teensy\cores\teensy3\Udp.h">
      <Filter>_core</Filter>
    </ClInclude>
    <ClInclude Include="C:\Program Files (x86)\Arduino\hardware\teensy\cores\teensy3\usb_desc.h">
      <Filter>_core</Filter>
    </ClInclude>
    <ClInclude Include="C:\Program Files (x86)\Arduino\hardware\teensy\cores\teensy3\usb_dev.h">
      <Filter>_core</Filter>
    </ClInclude>
    <ClInclude Include="C:\Program Files (x86)\Arduino\hardware\teensy\cores\teensy3\usb_flightsim.h">
      <Filter>_core</Filter>
    </ClInclude>
    <ClInclude Include="C:\Program Files (x86)\Arduino\hardware\teensy\cores\teensy3\usb_joystick.h">
      <Filter>_core</Filter>
    </ClInclude>
    <ClInclude Include="C:\Program Files (x86)\Arduino\hardware\teensy\cores\teensy3\usb_keyboard.h">
      <Filter>_core</Filter>
    </ClInclude>
    <ClInclude Include="C:\Program Files (x86)\Arduino\hardware\teensy\cores\teensy3\usb_mem.h">
      <Filter>_core</Filter>
    </ClInclude>
    <ClInclude Include="C:\Program Files (x86)\Arduino\hardware\teensy\cores\teensy3\usb_midi.h">
      <Filter>_core</Filter>
    </ClInclude>
    <ClInclude Include="C:\Program Files (x86)\Arduino\hardware\teensy\cores\teensy3\usb_mouse.h">
      <Filter>_core</Filter>
    </ClInclude>
    <ClInclude Include="C:\Program Files (x86)\Arduino\hardware\teensy\cores\teensy3\usb_names.h">
      <Filter>_core</Filter>
    </ClInclude>
    <ClInclude Include="C:\Program Files (x86)\Arduino\hardware\teensy\cores\teensy3\usb_rawhid.h">
      <Filter>_core</Filter>
    </ClInclude>
    <ClInclude Include="C:\Program Files (x86)\Arduino\hardware\teensy\cores\teensy3\usb_seremu.h">
      <Filter>_core</Filter>
    </ClInclude>
    <ClInclude Include="C:\Program Files (x86)\Arduino\hardware\teensy\cores\teensy3\usb_serial.h">
      <Filter>_core</Filter>
    </ClInclude>
    <ClInclude Include="C:\Program Files (x86)\Arduino\hardware\teensy\cores\teensy3\WCharacter.h">
      <Filter>_core</Filter>
    </ClInclude>
    <ClInclude Include="C:\Program Files (x86)\Arduino\hardware\teensy\cores\teensy3\WConstants.h">
      <Filter>_core</Filter>
    </ClInclude>
    <ClInclude Include="C:\Program Files (x86)\Arduino\hardware\teensy\cores\teensy3\wiring.h">
      <Filter>_core</Filter>
    </ClInclude>
    <ClInclude Include="C:\Program Files (x86)\Arduino\hardware\teensy\cores\teensy3\wiring_private.h">
      <Filter>_core</Filter>
    </ClInclude>
    <ClInclude Include="C:\Program Files (x86)\Arduino\hardware\teensy\cores\teensy3\WProgram.h">
      <Filter>_core</Filter>
    </ClInclude>
    <ClInclude Include="C:\Program Files (x86)\Arduino\hardware\teensy\cores\teensy3\WString.h">
      <Filter>_core</Filter>
    </ClInclude>
    <ClInclude Include="C:\Program Files (x86)\Arduino\libraries\i2c_t3\i2c_t3.h">
      <Filter>_libraries\i2c_t3</Filter>
    </ClInclude>
    <ClInclude Include="C:\Program Files (x86)\Arduino\libraries\SD\SD.h">
      <Filter>_libraries\SD</Filter>
    </ClInclude>
  </ItemGroup>
  <ItemGroup>
    <ResourceCompile Include="Drucksensortest_SDVS.rc">
      <Filter>Ressourcendateien</Filter>
    </ResourceCompile>
  </ItemGroup>
  <ItemGroup>
    <ClCompile Include="C:\Program Files (x86)\Arduino\hardware\teensy\cores\teensy3\analog.c">
      <Filter>_core</Filter>
    </ClCompile>
    <ClCompile Include="C:\Program Files (x86)\Arduino\hardware\teensy\cores\teensy3\AudioStream.cpp">
      <Filter>_core</Filter>
    </ClCompile>
    <ClCompile Include="C:\Program Files (x86)\Arduino\hardware\teensy\cores\teensy3\avr_emulation.cpp">
      <Filter>_core</Filter>
    </ClCompile>
    <ClCompile Include="C:\Program Files (x86)\Arduino\hardware\teensy\cores\teensy3\eeprom.c">
      <Filter>_core</Filter>
    </ClCompile>
    <ClCompile Include="C:\Program Files (x86)\Arduino\hardware\teensy\cores\teensy3\HardwareSerial1.cpp">
      <Filter>_core</Filter>
    </ClCompile>
    <ClCompile Include="C:\Program Files (x86)\Arduino\hardware\teensy\cores\teensy3\HardwareSerial2.cpp">
      <Filter>_core</Filter>
    </ClCompile>
    <ClCompile Include="C:\Program Files (x86)\Arduino\hardware\teensy\cores\teensy3\HardwareSerial3.cpp">
      <Filter>_core</Filter>
    </ClCompile>
    <ClCompile Include="C:\Program Files (x86)\Arduino\hardware\teensy\cores\teensy3\IntervalTimer.cpp">
      <Filter>_core</Filter>
    </ClCompile>
    <ClCompile Include="C:\Program Files (x86)\Arduino\hardware\teensy\cores\teensy3\IPAddress.cpp">
      <Filter>_core</Filter>
    </ClCompile>
    <ClCompile Include="C:\Program Files (x86)\Arduino\hardware\teensy\cores\teensy3\keylayouts.c">
      <Filter>_core</Filter>
    </ClCompile>
    <ClCompile Include="C:\Program Files (x86)\Arduino\hardware\teensy\cores\teensy3\main.cpp">
      <Filter>_core</Filter>
    </ClCompile>
    <ClCompile Include="C:\Program Files (x86)\Arduino\hardware\teensy\cores\teensy3\math_helper.c">
      <Filter>_core</Filter>
    </ClCompile>
    <ClCompile Include="C:\Program Files (x86)\Arduino\hardware\teensy\cores\teensy3\mk20dx128.c">
      <Filter>_core</Filter>
    </ClCompile>
    <ClCompile Include="C:\Program Files (x86)\Arduino\hardware\teensy\cores\teensy3\new.cpp">
      <Filter>_core</Filter>
    </ClCompile>
    <ClCompile Include="C:\Program Files (x86)\Arduino\hardware\teensy\cores\teensy3\nonstd.c">
      <Filter>_core</Filter>
    </ClCompile>
    <ClCompile Include="C:\Program Files (x86)\Arduino\hardware\teensy\cores\teensy3\pins_teensy.c">
      <Filter>_core</Filter>
    </ClCompile>
    <ClCompile Include="C:\Program Files (x86)\Arduino\hardware\teensy\cores\teensy3\Print.cpp">
      <Filter>_core</Filter>
    </ClCompile>
    <ClCompile Include="C:\Program Files (x86)\Arduino\hardware\teensy\cores\teensy3\serial1.c">
      <Filter>_core</Filter>
    </ClCompile>
    <ClCompile Include="C:\Program Files (x86)\Arduino\hardware\teensy\cores\teensy3\serial2.c">
      <Filter>_core</Filter>
    </ClCompile>
    <ClCompile Include="C:\Program Files (x86)\Arduino\hardware\teensy\cores\teensy3\serial3.c">
      <Filter>_core</Filter>
    </ClCompile>
    <ClCompile Include="C:\Program Files (x86)\Arduino\hardware\teensy\cores\teensy3\Stream.cpp">
      <Filter>_core</Filter>
    </ClCompile>
    <ClCompile Include="C:\Program Files (x86)\Arduino\hardware\teensy\cores\teensy3\Tone.cpp">
      <Filter>_core</Filter>
    </ClCompile>
    <ClCompile Include="C:\Program Files (x86)\Arduino\hardware\teensy\cores\teensy3\touch.c">
      <Filter>_core</Filter>
    </ClCompile>
    <ClCompile Include="C:\Program Files (x86)\Arduino\hardware\teensy\cores\teensy3\usb_desc.c">
      <Filter>_core</Filter>
    </ClCompile>
    <ClCompile Include="C:\Program Files (x86)\Arduino\hardware\teensy\cores\teensy3\usb_dev.c">
      <Filter>_core</Filter>
    </ClCompile>
    <ClCompile Include="C:\Program Files (x86)\Arduino\hardware\teensy\cores\teensy3\usb_flightsim.cpp">
      <Filter>_core</Filter>
    </ClCompile>
    <ClCompile Include="C:\Program Files (x86)\Arduino\hardware\teensy\cores\teensy3\usb_inst.cpp">
      <Filter>_core</Filter>
    </ClCompile>
    <ClCompile Include="C:\Program Files (x86)\Arduino\hardware\teensy\cores\teensy3\usb_joystick.c">
      <Filter>_core</Filter>
    </ClCompile>
    <ClCompile Include="C:\Program Files (x86)\Arduino\hardware\teensy\cores\teensy3\usb_keyboard.c">
      <Filter>_core</Filter>
    </ClCompile>
    <ClCompile Include="C:\Program Files (x86)\Arduino\hardware\teensy\cores\teensy3\usb_mem.c">
      <Filter>_core</Filter>
    </ClCompile>
    <ClCompile Include="C:\Program Files (x86)\Arduino\hardware\teensy\cores\teensy3\usb_midi.c">
      <Filter>_core</Filter>
    </ClCompile>
    <ClCompile Include="C:\Program Files (x86)\Arduino\hardware\teensy\cores\teensy3\usb_mouse.c">
      <Filter>_core</Filter>
    </ClCompile>
    <ClCompile Include="C:\Program Files (x86)\Arduino\hardware\teensy\cores\teensy3\usb_rawhid.c">
      <Filter>_core</Filter>
    </ClCompile>
    <ClCompile Include="C:\Program Files (x86)\Arduino\hardware\teensy\cores\teensy3\usb_seremu.c">
      <Filter>_core</Filter>
    </ClCompile>
    <ClCompile Include="C:\Program Files (x86)\Arduino\hardware\teensy\cores\teensy3\usb_serial.c">
      <Filter>_core</Filter>
    </ClCompile>
    <ClCompile Include="C:\Program Files (x86)\Arduino\hardware\teensy\cores\teensy3\WMath.cpp">
      <Filter>_core</Filter>
    </ClCompile>
    <ClCompile Include="C:\Program Files (x86)\Arduino\hardware\teensy\cores\teensy3\WString.cpp">
      <Filter>_core</Filter>
    </ClCompile>
    <ClCompile Include="C:\Program Files (x86)\Arduino\hardware\teensy\cores\teensy3\yield.c">
      <Filter>_core</Filter>
    </ClCompile>
    <ClCompile Include="C:\Program Files (x86)\Arduino\libraries\i2c_t3\i2c_t3.cpp">
      <Filter>_libraries\i2c_t3</Filter>
    </ClCompile>
    <ClCompile Include="C:\Program Files (x86)\Arduino\libraries\SD\File.cpp">
      <Filter>_libraries\SD</Filter>
    </ClCompile>
    <ClCompile Include="C:\Program Files (x86)\Arduino\libraries\SD\SD.cpp">
      <Filter>_libraries\SD</Filter>
    </ClCompile>
  </ItemGroup>
</Project>